
Microsoft Visual Studio Solution File, Format Version 12.00
# Visual Studio Version 17
VisualStudioVersion = 17.5.33530.505
MinimumVisualStudioVersion = 10.0.40219.1
Project("{8BC9CEB8-8B4A-11D0-8D11-00A0C91BC942}") = "MT_HitBox", "MT_HitBox.vcxproj", "{1857B0E5-B8B5-4E0F-944A-672CD520AE86}"
EndProject
Global
	GlobalSection(SolutionConfigurationPlatforms) = preSolution
		Debug|x64 = Debug|x64
		Release|x64 = Release|x64
	EndGlobalSection
	GlobalSection(ProjectConfigurationPlatforms) = postSolution
		{1857B0E5-B8B5-4E0F-944A-672CD520AE86}.Debug|x64.ActiveCfg = Debug|x64
		{1857B0E5-B8B5-4E0F-944A-672CD520AE86}.Debug|x64.Build.0 = Debug|x64
		{1857B0E5-B8B5-4E0F-944A-672CD520AE86}.Release|x64.ActiveCfg = Release|x64
		{1857B0E5-B8B5-4E0F-944A-672CD520AE86}.Release|x64.Build.0 = Release|x64
	EndGlobalSection
	GlobalSection(SolutionProperties) = preSolution
		HideSolutionNode = FALSE
	EndGlobalSection
	GlobalSection(ExtensibilityGlobals) = postSolution
		SolutionGuid = {CE2082D5-B0B5-4EFD-87B3-E82A5B6B1DFA}
	EndGlobalSection
EndGlobal
